
Microsoft Visual Studio Solution File, Format Version 12.00
# Visual Studio Version 17
VisualStudioVersion = 17.14.36221.1
MinimumVisualStudioVersion = 10.0.40219.1
Project("{FAE04EC0-301F-11D3-BF4B-00C04F79EFBC}") = "ISIP323_Kosheleva", "ISIP323_Kosheleva\ISIP323_Kosheleva.csproj", "{5C5EED36-392B-48CE-AB32-0AB77806EF91}"
EndProject
Project("{FAE04EC0-301F-11D3-BF4B-00C04F79EFBC}") = "ISIP323_Kosheleva_BD", "ISIP323_Kosheleva_BD\ISIP323_Kosheleva_BD.csproj", "{47009499-1456-4BD1-82FC-966A7F5A8B6B}"
EndProject
Global
	GlobalSection(SolutionConfigurationPlatforms) = preSolution
		Debug|Any CPU = Debug|Any CPU
		Release|Any CPU = Release|Any CPU
	EndGlobalSection
	GlobalSection(ProjectConfigurationPlatforms) = postSolution
		{5C5EED36-392B-48CE-AB32-0AB77806EF91}.Debug|Any CPU.ActiveCfg = Debug|Any CPU
		{5C5EED36-392B-48CE-AB32-0AB77806EF91}.Debug|Any CPU.Build.0 = Debug|Any CPU
		{5C5EED36-392B-48CE-AB32-0AB77806EF91}.Release|Any CPU.ActiveCfg = Release|Any CPU
		{5C5EED36-392B-48CE-AB32-0AB77806EF91}.Release|Any CPU.Build.0 = Release|Any CPU
		{47009499-1456-4BD1-82FC-966A7F5A8B6B}.Debug|Any CPU.ActiveCfg = Debug|Any CPU
		{47009499-1456-4BD1-82FC-966A7F5A8B6B}.Debug|Any CPU.Build.0 = Debug|Any CPU
		{47009499-1456-4BD1-82FC-966A7F5A8B6B}.Release|Any CPU.ActiveCfg = Release|Any CPU
		{47009499-1456-4BD1-82FC-966A7F5A8B6B}.Release|Any CPU.Build.0 = Release|Any CPU
	EndGlobalSection
	GlobalSection(SolutionProperties) = preSolution
		HideSolutionNode = FALSE
	EndGlobalSection
	GlobalSection(ExtensibilityGlobals) = postSolution
		SolutionGuid = {2AFCD838-CC4C-49D0-8E15-B4FE28E9B02F}
	EndGlobalSection
EndGlobal
